// !$*UTF8*$!
{
	archiveVersion = 1;
	classes = {
	};
	objectVersion = 48;
	objects = {

/* Begin PBXBuildFile section */
		C9515E6920D4DB2100E00B36 /* RoomView.swift in Sources */ = {isa = PBXBuildFile; fileRef = C9515E6820D4DB2100E00B36 /* RoomView.swift */; };
		C988127D20D180E000DA1252 /* HeaderCell.swift in Sources */ = {isa = PBXBuildFile; fileRef = C988127C20D180E000DA1252 /* HeaderCell.swift */; };
		C988127F20D1893300DA1252 /* ConnectionCell.swift in Sources */ = {isa = PBXBuildFile; fileRef = C988127E20D1893300DA1252 /* ConnectionCell.swift */; };
		C9A40F4620CF056B00E70747 /* url.json in Resources */ = {isa = PBXBuildFile; fileRef = C9A40F4520CF056B00E70747 /* url.json */; };
		C9EB1A9020D0559900F9E860 /* LoginViewController.swift in Sources */ = {isa = PBXBuildFile; fileRef = C9EB1A8F20D0559900F9E860 /* LoginViewController.swift */; };
		C9FD0A3420C6F62600830C59 /* AppDelegate.swift in Sources */ = {isa = PBXBuildFile; fileRef = C9FD0A3320C6F62600830C59 /* AppDelegate.swift */; };
		C9FD0A3620C6F62600830C59 /* RoomViewController.swift in Sources */ = {isa = PBXBuildFile; fileRef = C9FD0A3520C6F62600830C59 /* RoomViewController.swift */; };
		C9FD0A3B20C6F62600830C59 /* Assets.xcassets in Resources */ = {isa = PBXBuildFile; fileRef = C9FD0A3A20C6F62600830C59 /* Assets.xcassets */; };
		C9FD0A3E20C6F62600830C59 /* LaunchScreen.storyboard in Resources */ = {isa = PBXBuildFile; fileRef = C9FD0A3C20C6F62600830C59 /* LaunchScreen.storyboard */; };
		C9FD0A4620C7087400830C59 /* SocketManager.swift in Sources */ = {isa = PBXBuildFile; fileRef = C9FD0A4520C7087400830C59 /* SocketManager.swift */; };
		C9FD0A4820C70AEC00830C59 /* SocketDataModels.swift in Sources */ = {isa = PBXBuildFile; fileRef = C9FD0A4720C70AEC00830C59 /* SocketDataModels.swift */; };
		C9FEB19B20D2FFF700D425B4 /* LoginView.swift in Sources */ = {isa = PBXBuildFile; fileRef = C9FEB19A20D2FFF700D425B4 /* LoginView.swift */; };
		CF74115A2FE039E3E43D4A90 /* Pods_VideoSyncApp.framework in Frameworks */ = {isa = PBXBuildFile; fileRef = D5CE0C15D872747AF931B00B /* Pods_VideoSyncApp.framework */; };
/* End PBXBuildFile section */

/* Begin PBXFileReference section */
		24B9A491531A49776714E870 /* Pods-VideoSyncApp.debug.xcconfig */ = {isa = PBXFileReference; includeInIndex = 1; lastKnownFileType = text.xcconfig; name = "Pods-VideoSyncApp.debug.xcconfig"; path = "Pods/Target Support Files/Pods-VideoSyncApp/Pods-VideoSyncApp.debug.xcconfig"; sourceTree = "<group>"; };
		3915425DDCB28C9F2AD5B416 /* Pods-VideoSyncApp.release.xcconfig */ = {isa = PBXFileReference; includeInIndex = 1; lastKnownFileType = text.xcconfig; name = "Pods-VideoSyncApp.release.xcconfig"; path = "Pods/Target Support Files/Pods-VideoSyncApp/Pods-VideoSyncApp.release.xcconfig"; sourceTree = "<group>"; };
		C9515E6820D4DB2100E00B36 /* RoomView.swift */ = {isa = PBXFileReference; lastKnownFileType = sourcecode.swift; path = RoomView.swift; sourceTree = "<group>"; };
		C988127C20D180E000DA1252 /* HeaderCell.swift */ = {isa = PBXFileReference; lastKnownFileType = sourcecode.swift; path = HeaderCell.swift; sourceTree = "<group>"; };
		C988127E20D1893300DA1252 /* ConnectionCell.swift */ = {isa = PBXFileReference; lastKnownFileType = sourcecode.swift; path = ConnectionCell.swift; sourceTree = "<group>"; };
		C9A40F4520CF056B00E70747 /* url.json */ = {isa = PBXFileReference; fileEncoding = 4; lastKnownFileType = text.json; path = url.json; sourceTree = SOURCE_ROOT; };
		C9EB1A8F20D0559900F9E860 /* LoginViewController.swift */ = {isa = PBXFileReference; lastKnownFileType = sourcecode.swift; path = LoginViewController.swift; sourceTree = "<group>"; };
		C9FD0A3020C6F62600830C59 /* VideoSyncApp.app */ = {isa = PBXFileReference; explicitFileType = wrapper.application; includeInIndex = 0; path = VideoSyncApp.app; sourceTree = BUILT_PRODUCTS_DIR; };
		C9FD0A3320C6F62600830C59 /* AppDelegate.swift */ = {isa = PBXFileReference; lastKnownFileType = sourcecode.swift; path = AppDelegate.swift; sourceTree = "<group>"; };
		C9FD0A3520C6F62600830C59 /* RoomViewController.swift */ = {isa = PBXFileReference; lastKnownFileType = sourcecode.swift; path = RoomViewController.swift; sourceTree = "<group>"; };
		C9FD0A3A20C6F62600830C59 /* Assets.xcassets */ = {isa = PBXFileReference; lastKnownFileType = folder.assetcatalog; path = Assets.xcassets; sourceTree = "<group>"; };
		C9FD0A3D20C6F62600830C59 /* Base */ = {isa = PBXFileReference; lastKnownFileType = file.storyboard; name = Base; path = Base.lproj/LaunchScreen.storyboard; sourceTree = "<group>"; };
		C9FD0A3F20C6F62600830C59 /* Info.plist */ = {isa = PBXFileReference; lastKnownFileType = text.plist.xml; path = Info.plist; sourceTree = "<group>"; };
		C9FD0A4520C7087400830C59 /* SocketManager.swift */ = {isa = PBXFileReference; lastKnownFileType = sourcecode.swift; path = SocketManager.swift; sourceTree = "<group>"; };
		C9FD0A4720C70AEC00830C59 /* SocketDataModels.swift */ = {isa = PBXFileReference; lastKnownFileType = sourcecode.swift; path = SocketDataModels.swift; sourceTree = "<group>"; };
		C9FEB19A20D2FFF700D425B4 /* LoginView.swift */ = {isa = PBXFileReference; lastKnownFileType = sourcecode.swift; path = LoginView.swift; sourceTree = "<group>"; };
		D5CE0C15D872747AF931B00B /* Pods_VideoSyncApp.framework */ = {isa = PBXFileReference; explicitFileType = wrapper.framework; includeInIndex = 0; path = Pods_VideoSyncApp.framework; sourceTree = BUILT_PRODUCTS_DIR; };
/* End PBXFileReference section */

/* Begin PBXFrameworksBuildPhase section */
		C9FD0A2D20C6F62600830C59 /* Frameworks */ = {
			isa = PBXFrameworksBuildPhase;
			buildActionMask = 2147483647;
			files = (
				CF74115A2FE039E3E43D4A90 /* Pods_VideoSyncApp.framework in Frameworks */,
			);
			runOnlyForDeploymentPostprocessing = 0;
		};
/* End PBXFrameworksBuildPhase section */

/* Begin PBXGroup section */
		8D906498E0704EDCC3E2B0DB /* Frameworks */ = {
			isa = PBXGroup;
			children = (
				D5CE0C15D872747AF931B00B /* Pods_VideoSyncApp.framework */,
			);
			name = Frameworks;
			sourceTree = "<group>";
		};
		C953B2F92CFCF24DFA6E1C1F /* Pods */ = {
			isa = PBXGroup;
			children = (
				24B9A491531A49776714E870 /* Pods-VideoSyncApp.debug.xcconfig */,
				3915425DDCB28C9F2AD5B416 /* Pods-VideoSyncApp.release.xcconfig */,
			);
			name = Pods;
			sourceTree = "<group>";
		};
		C9FD0A2720C6F62600830C59 = {
			isa = PBXGroup;
			children = (
				C9FD0A3220C6F62600830C59 /* VideoSyncApp */,
				C9FD0A3120C6F62600830C59 /* Products */,
				C953B2F92CFCF24DFA6E1C1F /* Pods */,
				8D906498E0704EDCC3E2B0DB /* Frameworks */,
			);
			sourceTree = "<group>";
		};
		C9FD0A3120C6F62600830C59 /* Products */ = {
			isa = PBXGroup;
			children = (
				C9FD0A3020C6F62600830C59 /* VideoSyncApp.app */,
			);
			name = Products;
			sourceTree = "<group>";
		};
		C9FD0A3220C6F62600830C59 /* VideoSyncApp */ = {
			isa = PBXGroup;
			children = (
				C9FEB19920D2FEC700D425B4 /* Manager */,
				C9FEB19820D2FE4700D425B4 /* Controller */,
				C9FEB19720D2FE2C00D425B4 /* View */,
				C9FEB19620D2FE0F00D425B4 /* Model */,
				C9A40F4520CF056B00E70747 /* url.json */,
				C9FD0A3320C6F62600830C59 /* AppDelegate.swift */,
				C9FD0A3A20C6F62600830C59 /* Assets.xcassets */,
				C9FD0A3C20C6F62600830C59 /* LaunchScreen.storyboard */,
				C9FD0A3F20C6F62600830C59 /* Info.plist */,
			);
			path = VideoSyncApp;
			sourceTree = "<group>";
		};
		C9FEB19620D2FE0F00D425B4 /* Model */ = {
			isa = PBXGroup;
			children = (
				C9FD0A4720C70AEC00830C59 /* SocketDataModels.swift */,
			);
			path = Model;
			sourceTree = "<group>";
		};
		C9FEB19720D2FE2C00D425B4 /* View */ = {
			isa = PBXGroup;
			children = (
				C9FEB19A20D2FFF700D425B4 /* LoginView.swift */,
				C9515E6820D4DB2100E00B36 /* RoomView.swift */,
				C988127C20D180E000DA1252 /* HeaderCell.swift */,
				C988127E20D1893300DA1252 /* ConnectionCell.swift */,
			);
			path = View;
			sourceTree = "<group>";
		};
		C9FEB19820D2FE4700D425B4 /* Controller */ = {
			isa = PBXGroup;
			children = (
				C9EB1A8F20D0559900F9E860 /* LoginViewController.swift */,
				C9FD0A3520C6F62600830C59 /* RoomViewController.swift */,
			);
			path = Controller;
			sourceTree = "<group>";
		};
		C9FEB19920D2FEC700D425B4 /* Manager */ = {
			isa = PBXGroup;
			children = (
				C9FD0A4520C7087400830C59 /* SocketManager.swift */,
			);
			path = Manager;
			sourceTree = "<group>";
		};
/* End PBXGroup section */

/* Begin PBXNativeTarget section */
		C9FD0A2F20C6F62600830C59 /* VideoSyncApp */ = {
			isa = PBXNativeTarget;
			buildConfigurationList = C9FD0A4220C6F62600830C59 /* Build configuration list for PBXNativeTarget "VideoSyncApp" */;
			buildPhases = (
				7191994AAE26FB10310A112E /* [CP] Check Pods Manifest.lock */,
				C9FD0A2C20C6F62600830C59 /* Sources */,
				C9FD0A2D20C6F62600830C59 /* Frameworks */,
				C9FD0A2E20C6F62600830C59 /* Resources */,
				B7F6829DC84D55FA2A681751 /* [CP] Embed Pods Frameworks */,
				DD5B8D87F11C7389DE01419C /* [CP] Copy Pods Resources */,
			);
			buildRules = (
			);
			dependencies = (
			);
			name = VideoSyncApp;
			productName = VideoSyncApp;
			productReference = C9FD0A3020C6F62600830C59 /* VideoSyncApp.app */;
			productType = "com.apple.product-type.application";
		};
/* End PBXNativeTarget section */

/* Begin PBXProject section */
		C9FD0A2820C6F62600830C59 /* Project object */ = {
			isa = PBXProject;
			attributes = {
				LastSwiftUpdateCheck = 0920;
				LastUpgradeCheck = 0920;
				ORGANIZATIONNAME = "Salman Fakhri";
				TargetAttributes = {
					C9FD0A2F20C6F62600830C59 = {
						CreatedOnToolsVersion = 9.2;
						ProvisioningStyle = Automatic;
					};
				};
			};
			buildConfigurationList = C9FD0A2B20C6F62600830C59 /* Build configuration list for PBXProject "VideoSyncApp" */;
			compatibilityVersion = "Xcode 8.0";
			developmentRegion = en;
			hasScannedForEncodings = 0;
			knownRegions = (
				en,
				Base,
			);
			mainGroup = C9FD0A2720C6F62600830C59;
			productRefGroup = C9FD0A3120C6F62600830C59 /* Products */;
			projectDirPath = "";
			projectRoot = "";
			targets = (
				C9FD0A2F20C6F62600830C59 /* VideoSyncApp */,
			);
		};
/* End PBXProject section */

/* Begin PBXResourcesBuildPhase section */
		C9FD0A2E20C6F62600830C59 /* Resources */ = {
			isa = PBXResourcesBuildPhase;
			buildActionMask = 2147483647;
			files = (
				C9FD0A3E20C6F62600830C59 /* LaunchScreen.storyboard in Resources */,
				C9FD0A3B20C6F62600830C59 /* Assets.xcassets in Resources */,
				C9A40F4620CF056B00E70747 /* url.json in Resources */,
			);
			runOnlyForDeploymentPostprocessing = 0;
		};
/* End PBXResourcesBuildPhase section */

/* Begin PBXShellScriptBuildPhase section */
		7191994AAE26FB10310A112E /* [CP] Check Pods Manifest.lock */ = {
			isa = PBXShellScriptBuildPhase;
			buildActionMask = 2147483647;
			files = (
			);
			inputPaths = (
				"${PODS_PODFILE_DIR_PATH}/Podfile.lock",
				"${PODS_ROOT}/Manifest.lock",
			);
			name = "[CP] Check Pods Manifest.lock";
			outputPaths = (
				"$(DERIVED_FILE_DIR)/Pods-VideoSyncApp-checkManifestLockResult.txt",
			);
			runOnlyForDeploymentPostprocessing = 0;
			shellPath = /bin/sh;
			shellScript = "diff \"${PODS_PODFILE_DIR_PATH}/Podfile.lock\" \"${PODS_ROOT}/Manifest.lock\" > /dev/null\nif [ $? != 0 ] ; then\n    # print error to STDERR\n    echo \"error: The sandbox is not in sync with the Podfile.lock. Run 'pod install' or update your CocoaPods installation.\" >&2\n    exit 1\nfi\n# This output is used by Xcode 'outputs' to avoid re-running this script phase.\necho \"SUCCESS\" > \"${SCRIPT_OUTPUT_FILE_0}\"\n";
			showEnvVarsInLog = 0;
		};
		B7F6829DC84D55FA2A681751 /* [CP] Embed Pods Frameworks */ = {
			isa = PBXShellScriptBuildPhase;
			buildActionMask = 2147483647;
			files = (
			);
			inputPaths = (
				"${SRCROOT}/Pods/Target Support Files/Pods-VideoSyncApp/Pods-VideoSyncApp-frameworks.sh",
				"${BUILT_PRODUCTS_DIR}/Alamofire/Alamofire.framework",
				"${BUILT_PRODUCTS_DIR}/Socket.IO-Client-Swift/SocketIO.framework",
				"${BUILT_PRODUCTS_DIR}/Starscream/Starscream.framework",
				"${BUILT_PRODUCTS_DIR}/YouTubePlayer/YouTubePlayer.framework",
			);
			name = "[CP] Embed Pods Frameworks";
			outputPaths = (
				"${TARGET_BUILD_DIR}/${FRAMEWORKS_FOLDER_PATH}/Alamofire.framework",
				"${TARGET_BUILD_DIR}/${FRAMEWORKS_FOLDER_PATH}/SocketIO.framework",
				"${TARGET_BUILD_DIR}/${FRAMEWORKS_FOLDER_PATH}/Starscream.framework",
				"${TARGET_BUILD_DIR}/${FRAMEWORKS_FOLDER_PATH}/YouTubePlayer.framework",
			);
			runOnlyForDeploymentPostprocessing = 0;
			shellPath = /bin/sh;
			shellScript = "\"${SRCROOT}/Pods/Target Support Files/Pods-VideoSyncApp/Pods-VideoSyncApp-frameworks.sh\"\n";
			showEnvVarsInLog = 0;
		};
		DD5B8D87F11C7389DE01419C /* [CP] Copy Pods Resources */ = {
			isa = PBXShellScriptBuildPhase;
			buildActionMask = 2147483647;
			files = (
			);
			inputPaths = (
			);
			name = "[CP] Copy Pods Resources";
			outputPaths = (
			);
			runOnlyForDeploymentPostprocessing = 0;
			shellPath = /bin/sh;
			shellScript = "\"${SRCROOT}/Pods/Target Support Files/Pods-VideoSyncApp/Pods-VideoSyncApp-resources.sh\"\n";
			showEnvVarsInLog = 0;
		};
/* End PBXShellScriptBuildPhase section */

/* Begin PBXSourcesBuildPhase section */
		C9FD0A2C20C6F62600830C59 /* Sources */ = {
			isa = PBXSourcesBuildPhase;
			buildActionMask = 2147483647;
			files = (
				C9515E6920D4DB2100E00B36 /* RoomView.swift in Sources */,
				C9EB1A9020D0559900F9E860 /* LoginViewController.swift in Sources */,
				C9FD0A4820C70AEC00830C59 /* SocketDataModels.swift in Sources */,
				C9FD0A3620C6F62600830C59 /* RoomViewController.swift in Sources */,
				C9FD0A4620C7087400830C59 /* SocketManager.swift in Sources */,
				C988127D20D180E000DA1252 /* HeaderCell.swift in Sources */,
				C988127F20D1893300DA1252 /* ConnectionCell.swift in Sources */,
				C9FEB19B20D2FFF700D425B4 /* LoginView.swift in Sources */,
				C9FD0A3420C6F62600830C59 /* AppDelegate.swift in Sources */,
			);
			runOnlyForDeploymentPostprocessing = 0;
		};
/* End PBXSourcesBuildPhase section */

/* Begin PBXVariantGroup section */
		C9FD0A3C20C6F62600830C59 /* LaunchScreen.storyboard */ = {
			isa = PBXVariantGroup;
			children = (
				C9FD0A3D20C6F62600830C59 /* Base */,
			);
			name = LaunchScreen.storyboard;
			sourceTree = "<group>";
		};
/* End PBXVariantGroup section */

/* Begin XCBuildConfiguration section */
		C9FD0A4020C6F62600830C59 /* Debug */ = {
			isa = XCBuildConfiguration;
			buildSettings = {
				ALWAYS_SEARCH_USER_PATHS = NO;
				CLANG_ANALYZER_NONNULL = YES;
				CLANG_ANALYZER_NUMBER_OBJECT_CONVERSION = YES_AGGRESSIVE;
				CLANG_CXX_LANGUAGE_STANDARD = "gnu++14";
				CLANG_CXX_LIBRARY = "libc++";
				CLANG_ENABLE_MODULES = YES;
				CLANG_ENABLE_OBJC_ARC = YES;
				CLANG_WARN_BLOCK_CAPTURE_AUTORELEASING = YES;
				CLANG_WARN_BOOL_CONVERSION = YES;
				CLANG_WARN_COMMA = YES;
				CLANG_WARN_CONSTANT_CONVERSION = YES;
				CLANG_WARN_DIRECT_OBJC_ISA_USAGE = YES_ERROR;
				CLANG_WARN_DOCUMENTATION_COMMENTS = YES;
				CLANG_WARN_EMPTY_BODY = YES;
				CLANG_WARN_ENUM_CONVERSION = YES;
				CLANG_WARN_INFINITE_RECURSION = YES;
				CLANG_WARN_INT_CONVERSION = YES;
				CLANG_WARN_NON_LITERAL_NULL_CONVERSION = YES;
				CLANG_WARN_OBJC_LITERAL_CONVERSION = YES;
				CLANG_WARN_OBJC_ROOT_CLASS = YES_ERROR;
				CLANG_WARN_RANGE_LOOP_ANALYSIS = YES;
				CLANG_WARN_STRICT_PROTOTYPES = YES;
				CLANG_WARN_SUSPICIOUS_MOVE = YES;
				CLANG_WARN_UNGUARDED_AVAILABILITY = YES_AGGRESSIVE;
				CLANG_WARN_UNREACHABLE_CODE = YES;
				CLANG_WARN__DUPLICATE_METHOD_MATCH = YES;
				CODE_SIGN_IDENTITY = "iPhone Developer";
				COPY_PHASE_STRIP = NO;
				DEBUG_INFORMATION_FORMAT = dwarf;
				ENABLE_STRICT_OBJC_MSGSEND = YES;
				ENABLE_TESTABILITY = YES;
				GCC_C_LANGUAGE_STANDARD = gnu11;
				GCC_DYNAMIC_NO_PIC = NO;
				GCC_NO_COMMON_BLOCKS = YES;
				GCC_OPTIMIZATION_LEVEL = 0;
				GCC_PREPROCESSOR_DEFINITIONS = (
					"DEBUG=1",
					"$(inherited)",
				);
				GCC_WARN_64_TO_32_BIT_CONVERSION = YES;
				GCC_WARN_ABOUT_RETURN_TYPE = YES_ERROR;
				GCC_WARN_UNDECLARED_SELECTOR = YES;
				GCC_WARN_UNINITIALIZED_AUTOS = YES_AGGRESSIVE;
				GCC_WARN_UNUSED_FUNCTION = YES;
				GCC_WARN_UNUSED_VARIABLE = YES;
				IPHONEOS_DEPLOYMENT_TARGET = 11.2;
				MTL_ENABLE_DEBUG_INFO = YES;
				ONLY_ACTIVE_ARCH = YES;
				SDKROOT = iphoneos;
				SWIFT_ACTIVE_COMPILATION_CONDITIONS = DEBUG;
				SWIFT_OPTIMIZATION_LEVEL = "-Onone";
			};
			name = Debug;
		};
		C9FD0A4120C6F62600830C59 /* Release */ = {
			isa = XCBuildConfiguration;
			buildSettings = {
				ALWAYS_SEARCH_USER_PATHS = NO;
				CLANG_ANALYZER_NONNULL = YES;
				CLANG_ANALYZER_NUMBER_OBJECT_CONVERSION = YES_AGGRESSIVE;
				CLANG_CXX_LANGUAGE_STANDARD = "gnu++14";
				CLANG_CXX_LIBRARY = "libc++";
				CLANG_ENABLE_MODULES = YES;
				CLANG_ENABLE_OBJC_ARC = YES;
				CLANG_WARN_BLOCK_CAPTURE_AUTORELEASING = YES;
				CLANG_WARN_BOOL_CONVERSION = YES;
				CLANG_WARN_COMMA = YES;
				CLANG_WARN_CONSTANT_CONVERSION = YES;
				CLANG_WARN_DIRECT_OBJC_ISA_USAGE = YES_ERROR;
				CLANG_WARN_DOCUMENTATION_COMMENTS = YES;
				CLANG_WARN_EMPTY_BODY = YES;
				CLANG_WARN_ENUM_CONVERSION = YES;
				CLANG_WARN_INFINITE_RECURSION = YES;
				CLANG_WARN_INT_CONVERSION = YES;
				CLANG_WARN_NON_LITERAL_NULL_CONVERSION = YES;
				CLANG_WARN_OBJC_LITERAL_CONVERSION = YES;
				CLANG_WARN_OBJC_ROOT_CLASS = YES_ERROR;
				CLANG_WARN_RANGE_LOOP_ANALYSIS = YES;
				CLANG_WARN_STRICT_PROTOTYPES = YES;
				CLANG_WARN_SUSPICIOUS_MOVE = YES;
				CLANG_WARN_UNGUARDED_AVAILABILITY = YES_AGGRESSIVE;
				CLANG_WARN_UNREACHABLE_CODE = YES;
				CLANG_WARN__DUPLICATE_METHOD_MATCH = YES;
				CODE_SIGN_IDENTITY = "iPhone Developer";
				COPY_PHASE_STRIP = NO;
				DEBUG_INFORMATION_FORMAT = "dwarf-with-dsym";
				ENABLE_NS_ASSERTIONS = NO;
				ENABLE_STRICT_OBJC_MSGSEND = YES;
				GCC_C_LANGUAGE_STANDARD = gnu11;
				GCC_NO_COMMON_BLOCKS = YES;
				GCC_WARN_64_TO_32_BIT_CONVERSION = YES;
				GCC_WARN_ABOUT_RETURN_TYPE = YES_ERROR;
				GCC_WARN_UNDECLARED_SELECTOR = YES;
				GCC_WARN_UNINITIALIZED_AUTOS = YES_AGGRESSIVE;
				GCC_WARN_UNUSED_FUNCTION = YES;
				GCC_WARN_UNUSED_VARIABLE = YES;
				IPHONEOS_DEPLOYMENT_TARGET = 11.2;
				MTL_ENABLE_DEBUG_INFO = NO;
				SDKROOT = iphoneos;
				SWIFT_OPTIMIZATION_LEVEL = "-Owholemodule";
				VALIDATE_PRODUCT = YES;
			};
			name = Release;
		};
		C9FD0A4320C6F62600830C59 /* Debug */ = {
			isa = XCBuildConfiguration;
			baseConfigurationReference = 24B9A491531A49776714E870 /* Pods-VideoSyncApp.debug.xcconfig */;
			buildSettings = {
				ASSETCATALOG_COMPILER_APPICON_NAME = AppIcon;
				CODE_SIGN_STYLE = Automatic;
				DEVELOPMENT_TEAM = C3YP8P798R;
				INFOPLIST_FILE = VideoSyncApp/Info.plist;
				LD_RUNPATH_SEARCH_PATHS = "$(inherited) @executable_path/Frameworks";
				PRODUCT_BUNDLE_IDENTIFIER = com.salmanfakhri.VideoSyncApp;
				PRODUCT_NAME = "$(TARGET_NAME)";
				SWIFT_VERSION = 4.0;
				TARGETED_DEVICE_FAMILY = "1,2";
			};
			name = Debug;
		};
		C9FD0A4420C6F62600830C59 /* Release */ = {
			isa = XCBuildConfiguration;
			baseConfigurationReference = 3915425DDCB28C9F2AD5B416 /* Pods-VideoSyncApp.release.xcconfig */;
			buildSettings = {
				ASSETCATALOG_COMPILER_APPICON_NAME = AppIcon;
				CODE_SIGN_STYLE = Automatic;
				DEVELOPMENT_TEAM = C3YP8P798R;
				INFOPLIST_FILE = VideoSyncApp/Info.plist;
				LD_RUNPATH_SEARCH_PATHS = "$(inherited) @executable_path/Frameworks";
				PRODUCT_BUNDLE_IDENTIFIER = com.salmanfakhri.VideoSyncApp;
				PRODUCT_NAME = "$(TARGET_NAME)";
				SWIFT_VERSION = 4.0;
				TARGETED_DEVICE_FAMILY = "1,2";
			};
			name = Release;
		};
/* End XCBuildConfiguration section */

/* Begin XCConfigurationList section */
		C9FD0A2B20C6F62600830C59 /* Build configuration list for PBXProject "VideoSyncApp" */ = {
			isa = XCConfigurationList;
			buildConfigurations = (
				C9FD0A4020C6F62600830C59 /* Debug */,
				C9FD0A4120C6F62600830C59 /* Release */,
			);
			defaultConfigurationIsVisible = 0;
			defaultConfigurationName = Release;
		};
		C9FD0A4220C6F62600830C59 /* Build configuration list for PBXNativeTarget "VideoSyncApp" */ = {
			isa = XCConfigurationList;
			buildConfigurations = (
				C9FD0A4320C6F62600830C59 /* Debug */,
				C9FD0A4420C6F62600830C59 /* Release */,
			);
			defaultConfigurationIsVisible = 0;
			defaultConfigurationName = Release;
		};
/* End XCConfigurationList section */
	};
	rootObject = C9FD0A2820C6F62600830C59 /* Project object */;
}
